
Microsoft Visual Studio Solution File, Format Version 12.00
# Visual Studio Version 17
VisualStudioVersion = 17.8.34322.80
MinimumVisualStudioVersion = 10.0.40219.1
Project("{FAE04EC0-301F-11D3-BF4B-00C04F79EFBC}") = "BrowserBackup", "BrowserBackup\BrowserBackup.csproj", "{6DFD26E1-F1F5-4326-89B3-EC78C8166695}"
EndProject
Global
	GlobalSection(SolutionConfigurationPlatforms) = preSolution
		Debug|Any CPU = Debug|Any CPU
		Release|Any CPU = Release|Any CPU
	EndGlobalSection
	GlobalSection(ProjectConfigurationPlatforms) = postSolution
		{6DFD26E1-F1F5-4326-89B3-EC78C8166695}.Debug|Any CPU.ActiveCfg = Debug|Any CPU
		{6DFD26E1-F1F5-4326-89B3-EC78C8166695}.Debug|Any CPU.Build.0 = Debug|Any CPU
		{6DFD26E1-F1F5-4326-89B3-EC78C8166695}.Release|Any CPU.ActiveCfg = Release|Any CPU
		{6DFD26E1-F1F5-4326-89B3-EC78C8166695}.Release|Any CPU.Build.0 = Release|Any CPU
	EndGlobalSection
	GlobalSection(SolutionProperties) = preSolution
		HideSolutionNode = FALSE
	EndGlobalSection
	GlobalSection(ExtensibilityGlobals) = postSolution
		SolutionGuid = {56DC2B4D-D732-4E96-997D-54D95C09E116}
	EndGlobalSection
EndGlobal
